
Microsoft Visual Studio Solution File, Format Version 12.00
# Visual Studio Version 17
VisualStudioVersion = 17.0.31903.59
MinimumVisualStudioVersion = 10.0.40219.1
Project("{FAE04EC0-301F-11D3-BF4B-00C04F79EFBC}") = "BankApi", "BankApi\BankApi.csproj", "{AA307F4D-9D1A-4BBE-9CD0-900F1A20635E}"
EndProject
Project("{FAE04EC0-301F-11D3-BF4B-00C04F79EFBC}") = "BankApiTests", "BankApiTests\BankApiTests.csproj", "{02D04680-FC4F-4F4A-968C-112BD689A1D6}"
EndProject
Global
	GlobalSection(SolutionConfigurationPlatforms) = preSolution
		Debug|Any CPU = Debug|Any CPU
		Debug|x64 = Debug|x64
		Debug|x86 = Debug|x86
		Release|Any CPU = Release|Any CPU
		Release|x64 = Release|x64
		Release|x86 = Release|x86
	EndGlobalSection
	GlobalSection(ProjectConfigurationPlatforms) = postSolution
		{AA307F4D-9D1A-4BBE-9CD0-900F1A20635E}.Debug|Any CPU.ActiveCfg = Debug|Any CPU
		{AA307F4D-9D1A-4BBE-9CD0-900F1A20635E}.Debug|Any CPU.Build.0 = Debug|Any CPU
		{AA307F4D-9D1A-4BBE-9CD0-900F1A20635E}.Debug|x64.ActiveCfg = Debug|Any CPU
		{AA307F4D-9D1A-4BBE-9CD0-900F1A20635E}.Debug|x64.Build.0 = Debug|Any CPU
		{AA307F4D-9D1A-4BBE-9CD0-900F1A20635E}.Debug|x86.ActiveCfg = Debug|Any CPU
		{AA307F4D-9D1A-4BBE-9CD0-900F1A20635E}.Debug|x86.Build.0 = Debug|Any CPU
		{AA307F4D-9D1A-4BBE-9CD0-900F1A20635E}.Release|Any CPU.ActiveCfg = Release|Any CPU
		{AA307F4D-9D1A-4BBE-9CD0-900F1A20635E}.Release|Any CPU.Build.0 = Release|Any CPU
		{AA307F4D-9D1A-4BBE-9CD0-900F1A20635E}.Release|x64.ActiveCfg = Release|Any CPU
		{AA307F4D-9D1A-4BBE-9CD0-900F1A20635E}.Release|x64.Build.0 = Release|Any CPU
		{AA307F4D-9D1A-4BBE-9CD0-900F1A20635E}.Release|x86.ActiveCfg = Release|Any CPU
		{AA307F4D-9D1A-4BBE-9CD0-900F1A20635E}.Release|x86.Build.0 = Release|Any CPU
		{02D04680-FC4F-4F4A-968C-112BD689A1D6}.Debug|Any CPU.ActiveCfg = Debug|Any CPU
		{02D04680-FC4F-4F4A-968C-112BD689A1D6}.Debug|Any CPU.Build.0 = Debug|Any CPU
		{02D04680-FC4F-4F4A-968C-112BD689A1D6}.Debug|x64.ActiveCfg = Debug|Any CPU
		{02D04680-FC4F-4F4A-968C-112BD689A1D6}.Debug|x64.Build.0 = Debug|Any CPU
		{02D04680-FC4F-4F4A-968C-112BD689A1D6}.Debug|x86.ActiveCfg = Debug|Any CPU
		{02D04680-FC4F-4F4A-968C-112BD689A1D6}.Debug|x86.Build.0 = Debug|Any CPU
		{02D04680-FC4F-4F4A-968C-112BD689A1D6}.Release|Any CPU.ActiveCfg = Release|Any CPU
		{02D04680-FC4F-4F4A-968C-112BD689A1D6}.Release|Any CPU.Build.0 = Release|Any CPU
		{02D04680-FC4F-4F4A-968C-112BD689A1D6}.Release|x64.ActiveCfg = Release|Any CPU
		{02D04680-FC4F-4F4A-968C-112BD689A1D6}.Release|x64.Build.0 = Release|Any CPU
		{02D04680-FC4F-4F4A-968C-112BD689A1D6}.Release|x86.ActiveCfg = Release|Any CPU
		{02D04680-FC4F-4F4A-968C-112BD689A1D6}.Release|x86.Build.0 = Release|Any CPU
	EndGlobalSection
	GlobalSection(SolutionProperties) = preSolution
		HideSolutionNode = FALSE
	EndGlobalSection
EndGlobal
